
Microsoft Visual Studio Solution File, Format Version 12.00
# Visual Studio Version 16
VisualStudioVersion = 16.0.30204.135
MinimumVisualStudioVersion = 10.0.40219.1
Project("{FAE04EC0-301F-11D3-BF4B-00C04F79EFBC}") = "Back Door Adventures", "Back Door Adventures\Back Door Adventures.csproj", "{DD0ED33C-1C6B-4D2A-A039-6AAE7488C941}"
EndProject
Global
	GlobalSection(SolutionConfigurationPlatforms) = preSolution
		Debug|Any CPU = Debug|Any CPU
		Release|Any CPU = Release|Any CPU
	EndGlobalSection
	GlobalSection(ProjectConfigurationPlatforms) = postSolution
		{DD0ED33C-1C6B-4D2A-A039-6AAE7488C941}.Debug|Any CPU.ActiveCfg = Debug|Any CPU
		{DD0ED33C-1C6B-4D2A-A039-6AAE7488C941}.Debug|Any CPU.Build.0 = Debug|Any CPU
		{DD0ED33C-1C6B-4D2A-A039-6AAE7488C941}.Release|Any CPU.ActiveCfg = Release|Any CPU
		{DD0ED33C-1C6B-4D2A-A039-6AAE7488C941}.Release|Any CPU.Build.0 = Release|Any CPU
	EndGlobalSection
	GlobalSection(SolutionProperties) = preSolution
		HideSolutionNode = FALSE
	EndGlobalSection
	GlobalSection(ExtensibilityGlobals) = postSolution
		SolutionGuid = {5C0C8BB8-775D-45D9-AEFB-CD2612F9D215}
	EndGlobalSection
EndGlobal
